// !$*UTF8*$!
{
	archiveVersion = 1;
	classes = {
	};
	objectVersion = 56;
	objects = {

/* Begin PBXBuildFile section */
		045AD1E92DDA9E9D00E11532 /* NewsApp.swift in Sources */ = {isa = PBXBuildFile; fileRef = 045AD1E82DDA9E9D00E11532 /* NewsApp.swift */; };
		045AD1EB2DDA9E9D00E11532 /* ContentView.swift in Sources */ = {isa = PBXBuildFile; fileRef = 045AD1EA2DDA9E9D00E11532 /* ContentView.swift */; };
		045AD1ED2DDA9EA100E11532 /* Assets.xcassets in Resources */ = {isa = PBXBuildFile; fileRef = 045AD1EC2DDA9EA100E11532 /* Assets.xcassets */; };
		045AD1F02DDA9EA100E11532 /* Preview Assets.xcassets in Resources */ = {isa = PBXBuildFile; fileRef = 045AD1EF2DDA9EA100E11532 /* Preview Assets.xcassets */; };
		045AD1F22DDA9EA100E11532 /* Persistence.swift in Sources */ = {isa = PBXBuildFile; fileRef = 045AD1F12DDA9EA100E11532 /* Persistence.swift */; };
		045AD1F52DDA9EA100E11532 /* News.xcdatamodeld in Sources */ = {isa = PBXBuildFile; fileRef = 045AD1F32DDA9EA100E11532 /* News.xcdatamodeld */; };
		045AD1FF2DDA9EA100E11532 /* NewsTests.swift in Sources */ = {isa = PBXBuildFile; fileRef = 045AD1FE2DDA9EA100E11532 /* NewsTests.swift */; };
		045AD2092DDA9EA100E11532 /* NewsUITests.swift in Sources */ = {isa = PBXBuildFile; fileRef = 045AD2082DDA9EA100E11532 /* NewsUITests.swift */; };
		045AD20B2DDA9EA100E11532 /* NewsUITestsLaunchTests.swift in Sources */ = {isa = PBXBuildFile; fileRef = 045AD20A2DDA9EA100E11532 /* NewsUITestsLaunchTests.swift */; };
		045AD2192DDA9EE300E11532 /* Constants.swift in Sources */ = {isa = PBXBuildFile; fileRef = 045AD2182DDA9EE300E11532 /* Constants.swift */; };
		045AD21B2DDA9EF600E11532 /* Extensions.swift in Sources */ = {isa = PBXBuildFile; fileRef = 045AD21A2DDA9EF600E11532 /* Extensions.swift */; };
		045AD21E2DDA9F1600E11532 /* NewsService.swift in Sources */ = {isa = PBXBuildFile; fileRef = 045AD21D2DDA9F1600E11532 /* NewsService.swift */; };
		045AD2202DDA9F2300E11532 /* APIManager.swift in Sources */ = {isa = PBXBuildFile; fileRef = 045AD21F2DDA9F2300E11532 /* APIManager.swift */; };
		045AD2232DDA9F4900E11532 /* CategoryView.swift in Sources */ = {isa = PBXBuildFile; fileRef = 045AD2222DDA9F4900E11532 /* CategoryView.swift */; };
		045AD2252DDA9F5900E11532 /* SourceView.swift in Sources */ = {isa = PBXBuildFile; fileRef = 045AD2242DDA9F5900E11532 /* SourceView.swift */; };
		045AD2272DDA9F6600E11532 /* ArticleView.swift in Sources */ = {isa = PBXBuildFile; fileRef = 045AD2262DDA9F6600E11532 /* ArticleView.swift */; };
		045AD2292DDA9F7500E11532 /* WebView.swift in Sources */ = {isa = PBXBuildFile; fileRef = 045AD2282DDA9F7500E11532 /* WebView.swift */; };
		045AD22C2DDA9F8F00E11532 /* NewsCard.swift in Sources */ = {isa = PBXBuildFile; fileRef = 045AD22B2DDA9F8F00E11532 /* NewsCard.swift */; };
		045AD22E2DDA9F9C00E11532 /* SearchBar.swift in Sources */ = {isa = PBXBuildFile; fileRef = 045AD22D2DDA9F9C00E11532 /* SearchBar.swift */; };
		045AD2302DDA9FAA00E11532 /* LoadingView.swift in Sources */ = {isa = PBXBuildFile; fileRef = 045AD22F2DDA9FAA00E11532 /* LoadingView.swift */; };
		045AD2322DDA9FB700E11532 /* ErrorView.swift in Sources */ = {isa = PBXBuildFile; fileRef = 045AD2312DDA9FB700E11532 /* ErrorView.swift */; };
		045AD2352DDA9FE300E11532 /* NewsViewModel.swift in Sources */ = {isa = PBXBuildFile; fileRef = 045AD2342DDA9FE300E11532 /* NewsViewModel.swift */; };
		045AD2372DDA9FF000E11532 /* SourceViewModel.swift in Sources */ = {isa = PBXBuildFile; fileRef = 045AD2362DDA9FF000E11532 /* SourceViewModel.swift */; };
		045AD2392DDAA00200E11532 /* ArticleViewModel.swift in Sources */ = {isa = PBXBuildFile; fileRef = 045AD2382DDAA00200E11532 /* ArticleViewModel.swift */; };
		045AD23C2DDAA02100E11532 /* NewsResponse.swift in Sources */ = {isa = PBXBuildFile; fileRef = 045AD23B2DDAA02100E11532 /* NewsResponse.swift */; };
		045AD2432DDAA0A700E11532 /* RxBlocking in Frameworks */ = {isa = PBXBuildFile; productRef = 045AD2422DDAA0A700E11532 /* RxBlocking */; };
		045AD2452DDAA0A700E11532 /* RxBlocking-Dynamic in Frameworks */ = {isa = PBXBuildFile; productRef = 045AD2442DDAA0A700E11532 /* RxBlocking-Dynamic */; };
		045AD2472DDAA0A700E11532 /* RxCocoa in Frameworks */ = {isa = PBXBuildFile; productRef = 045AD2462DDAA0A700E11532 /* RxCocoa */; };
		045AD2492DDAA0A700E11532 /* RxCocoa-Dynamic in Frameworks */ = {isa = PBXBuildFile; productRef = 045AD2482DDAA0A700E11532 /* RxCocoa-Dynamic */; };
		045AD24B2DDAA0A700E11532 /* RxRelay in Frameworks */ = {isa = PBXBuildFile; productRef = 045AD24A2DDAA0A700E11532 /* RxRelay */; };
		045AD24E2DDAA18700E11532 /* SDWebImageSwiftUI in Frameworks */ = {isa = PBXBuildFile; productRef = 045AD24D2DDAA18700E11532 /* SDWebImageSwiftUI */; };
		045AD2502DDAA2A900E11532 /* NewsServiceTests.swift in Sources */ = {isa = PBXBuildFile; fileRef = 045AD24F2DDAA2A900E11532 /* NewsServiceTests.swift */; };
		045AD2542DDAA5B200E11532 /* NewsAppUITests.swift in Sources */ = {isa = PBXBuildFile; fileRef = 045AD2532DDAA5B200E11532 /* NewsAppUITests.swift */; };
/* End PBXBuildFile section */

/* Begin PBXContainerItemProxy section */
		045AD1FB2DDA9EA100E11532 /* PBXContainerItemProxy */ = {
			isa = PBXContainerItemProxy;
			containerPortal = 045AD1DD2DDA9E9D00E11532 /* Project object */;
			proxyType = 1;
			remoteGlobalIDString = 045AD1E42DDA9E9D00E11532;
			remoteInfo = News;
		};
		045AD2052DDA9EA100E11532 /* PBXContainerItemProxy */ = {
			isa = PBXContainerItemProxy;
			containerPortal = 045AD1DD2DDA9E9D00E11532 /* Project object */;
			proxyType = 1;
			remoteGlobalIDString = 045AD1E42DDA9E9D00E11532;
			remoteInfo = News;
		};
/* End PBXContainerItemProxy section */

/* Begin PBXFileReference section */
		045AD1E52DDA9E9D00E11532 /* News.app */ = {isa = PBXFileReference; explicitFileType = wrapper.application; includeInIndex = 0; path = News.app; sourceTree = BUILT_PRODUCTS_DIR; };
		045AD1E82DDA9E9D00E11532 /* NewsApp.swift */ = {isa = PBXFileReference; lastKnownFileType = sourcecode.swift; path = NewsApp.swift; sourceTree = "<group>"; };
		045AD1EA2DDA9E9D00E11532 /* ContentView.swift */ = {isa = PBXFileReference; lastKnownFileType = sourcecode.swift; path = ContentView.swift; sourceTree = "<group>"; };
		045AD1EC2DDA9EA100E11532 /* Assets.xcassets */ = {isa = PBXFileReference; lastKnownFileType = folder.assetcatalog; path = Assets.xcassets; sourceTree = "<group>"; };
		045AD1EF2DDA9EA100E11532 /* Preview Assets.xcassets */ = {isa = PBXFileReference; lastKnownFileType = folder.assetcatalog; path = "Preview Assets.xcassets"; sourceTree = "<group>"; };
		045AD1F12DDA9EA100E11532 /* Persistence.swift */ = {isa = PBXFileReference; lastKnownFileType = sourcecode.swift; path = Persistence.swift; sourceTree = "<group>"; };
		045AD1F42DDA9EA100E11532 /* News.xcdatamodel */ = {isa = PBXFileReference; lastKnownFileType = wrapper.xcdatamodel; path = News.xcdatamodel; sourceTree = "<group>"; };
		045AD1FA2DDA9EA100E11532 /* NewsTests.xctest */ = {isa = PBXFileReference; explicitFileType = wrapper.cfbundle; includeInIndex = 0; path = NewsTests.xctest; sourceTree = BUILT_PRODUCTS_DIR; };
		045AD1FE2DDA9EA100E11532 /* NewsTests.swift */ = {isa = PBXFileReference; lastKnownFileType = sourcecode.swift; path = NewsTests.swift; sourceTree = "<group>"; };
		045AD2042DDA9EA100E11532 /* NewsUITests.xctest */ = {isa = PBXFileReference; explicitFileType = wrapper.cfbundle; includeInIndex = 0; path = NewsUITests.xctest; sourceTree = BUILT_PRODUCTS_DIR; };
		045AD2082DDA9EA100E11532 /* NewsUITests.swift */ = {isa = PBXFileReference; lastKnownFileType = sourcecode.swift; path = NewsUITests.swift; sourceTree = "<group>"; };
		045AD20A2DDA9EA100E11532 /* NewsUITestsLaunchTests.swift */ = {isa = PBXFileReference; lastKnownFileType = sourcecode.swift; path = NewsUITestsLaunchTests.swift; sourceTree = "<group>"; };
		045AD2182DDA9EE300E11532 /* Constants.swift */ = {isa = PBXFileReference; lastKnownFileType = sourcecode.swift; path = Constants.swift; sourceTree = "<group>"; };
		045AD21A2DDA9EF600E11532 /* Extensions.swift */ = {isa = PBXFileReference; lastKnownFileType = sourcecode.swift; path = Extensions.swift; sourceTree = "<group>"; };
		045AD21D2DDA9F1600E11532 /* NewsService.swift */ = {isa = PBXFileReference; lastKnownFileType = sourcecode.swift; path = NewsService.swift; sourceTree = "<group>"; };
		045AD21F2DDA9F2300E11532 /* APIManager.swift */ = {isa = PBXFileReference; lastKnownFileType = sourcecode.swift; path = APIManager.swift; sourceTree = "<group>"; };
		045AD2222DDA9F4900E11532 /* CategoryView.swift */ = {isa = PBXFileReference; lastKnownFileType = sourcecode.swift; path = CategoryView.swift; sourceTree = "<group>"; };
		045AD2242DDA9F5900E11532 /* SourceView.swift */ = {isa = PBXFileReference; lastKnownFileType = sourcecode.swift; path = SourceView.swift; sourceTree = "<group>"; };
		045AD2262DDA9F6600E11532 /* ArticleView.swift */ = {isa = PBXFileReference; lastKnownFileType = sourcecode.swift; path = ArticleView.swift; sourceTree = "<group>"; };
		045AD2282DDA9F7500E11532 /* WebView.swift */ = {isa = PBXFileReference; lastKnownFileType = sourcecode.swift; path = WebView.swift; sourceTree = "<group>"; };
		045AD22B2DDA9F8F00E11532 /* NewsCard.swift */ = {isa = PBXFileReference; lastKnownFileType = sourcecode.swift; path = NewsCard.swift; sourceTree = "<group>"; };
		045AD22D2DDA9F9C00E11532 /* SearchBar.swift */ = {isa = PBXFileReference; lastKnownFileType = sourcecode.swift; path = SearchBar.swift; sourceTree = "<group>"; };
		045AD22F2DDA9FAA00E11532 /* LoadingView.swift */ = {isa = PBXFileReference; lastKnownFileType = sourcecode.swift; path = LoadingView.swift; sourceTree = "<group>"; };
		045AD2312DDA9FB700E11532 /* ErrorView.swift */ = {isa = PBXFileReference; lastKnownFileType = sourcecode.swift; path = ErrorView.swift; sourceTree = "<group>"; };
		045AD2342DDA9FE300E11532 /* NewsViewModel.swift */ = {isa = PBXFileReference; lastKnownFileType = sourcecode.swift; path = NewsViewModel.swift; sourceTree = "<group>"; };
		045AD2362DDA9FF000E11532 /* SourceViewModel.swift */ = {isa = PBXFileReference; lastKnownFileType = sourcecode.swift; path = SourceViewModel.swift; sourceTree = "<group>"; };
		045AD2382DDAA00200E11532 /* ArticleViewModel.swift */ = {isa = PBXFileReference; lastKnownFileType = sourcecode.swift; path = ArticleViewModel.swift; sourceTree = "<group>"; };
		045AD23B2DDAA02100E11532 /* NewsResponse.swift */ = {isa = PBXFileReference; lastKnownFileType = sourcecode.swift; path = NewsResponse.swift; sourceTree = "<group>"; };
		045AD24F2DDAA2A900E11532 /* NewsServiceTests.swift */ = {isa = PBXFileReference; lastKnownFileType = sourcecode.swift; path = NewsServiceTests.swift; sourceTree = "<group>"; };
		045AD2532DDAA5B200E11532 /* NewsAppUITests.swift */ = {isa = PBXFileReference; lastKnownFileType = sourcecode.swift; path = NewsAppUITests.swift; sourceTree = "<group>"; };
/* End PBXFileReference section */

/* Begin PBXFrameworksBuildPhase section */
		045AD1E22DDA9E9D00E11532 /* Frameworks */ = {
			isa = PBXFrameworksBuildPhase;
			buildActionMask = 2147483647;
			files = (
				045AD24E2DDAA18700E11532 /* SDWebImageSwiftUI in Frameworks */,
				045AD24B2DDAA0A700E11532 /* RxRelay in Frameworks */,
				045AD2492DDAA0A700E11532 /* RxCocoa-Dynamic in Frameworks */,
				045AD2472DDAA0A700E11532 /* RxCocoa in Frameworks */,
				045AD2432DDAA0A700E11532 /* RxBlocking in Frameworks */,
				045AD2452DDAA0A700E11532 /* RxBlocking-Dynamic in Frameworks */,
			);
			runOnlyForDeploymentPostprocessing = 0;
		};
		045AD1F72DDA9EA100E11532 /* Frameworks */ = {
			isa = PBXFrameworksBuildPhase;
			buildActionMask = 2147483647;
			files = (
			);
			runOnlyForDeploymentPostprocessing = 0;
		};
		045AD2012DDA9EA100E11532 /* Frameworks */ = {
			isa = PBXFrameworksBuildPhase;
			buildActionMask = 2147483647;
			files = (
			);
			runOnlyForDeploymentPostprocessing = 0;
		};
/* End PBXFrameworksBuildPhase section */

/* Begin PBXGroup section */
		045AD1DC2DDA9E9D00E11532 = {
			isa = PBXGroup;
			children = (
				045AD1E72DDA9E9D00E11532 /* News */,
				045AD1FD2DDA9EA100E11532 /* NewsTests */,
				045AD2072DDA9EA100E11532 /* NewsUITests */,
				045AD1E62DDA9E9D00E11532 /* Products */,
			);
			sourceTree = "<group>";
		};
		045AD1E62DDA9E9D00E11532 /* Products */ = {
			isa = PBXGroup;
			children = (
				045AD1E52DDA9E9D00E11532 /* News.app */,
				045AD1FA2DDA9EA100E11532 /* NewsTests.xctest */,
				045AD2042DDA9EA100E11532 /* NewsUITests.xctest */,
			);
			name = Products;
			sourceTree = "<group>";
		};
		045AD1E72DDA9E9D00E11532 /* News */ = {
			isa = PBXGroup;
			children = (
				045AD23A2DDAA01300E11532 /* Model */,
				045AD2332DDA9FD400E11532 /* ViewModel */,
				045AD2212DDA9F3500E11532 /* Views */,
				045AD21C2DDA9F0600E11532 /* Services */,
				045AD2172DDA9ECE00E11532 /* Utilities */,
				045AD1E82DDA9E9D00E11532 /* NewsApp.swift */,
				045AD1EA2DDA9E9D00E11532 /* ContentView.swift */,
				045AD1EC2DDA9EA100E11532 /* Assets.xcassets */,
				045AD1F12DDA9EA100E11532 /* Persistence.swift */,
				045AD1F32DDA9EA100E11532 /* News.xcdatamodeld */,
				045AD1EE2DDA9EA100E11532 /* Preview Content */,
			);
			path = News;
			sourceTree = "<group>";
		};
		045AD1EE2DDA9EA100E11532 /* Preview Content */ = {
			isa = PBXGroup;
			children = (
				045AD1EF2DDA9EA100E11532 /* Preview Assets.xcassets */,
			);
			path = "Preview Content";
			sourceTree = "<group>";
		};
		045AD1FD2DDA9EA100E11532 /* NewsTests */ = {
			isa = PBXGroup;
			children = (
				045AD1FE2DDA9EA100E11532 /* NewsTests.swift */,
				045AD24F2DDAA2A900E11532 /* NewsServiceTests.swift */,
			);
			path = NewsTests;
			sourceTree = "<group>";
		};
		045AD2072DDA9EA100E11532 /* NewsUITests */ = {
			isa = PBXGroup;
			children = (
				045AD2082DDA9EA100E11532 /* NewsUITests.swift */,
				045AD20A2DDA9EA100E11532 /* NewsUITestsLaunchTests.swift */,
				045AD2532DDAA5B200E11532 /* NewsAppUITests.swift */,
			);
			path = NewsUITests;
			sourceTree = "<group>";
		};
		045AD2172DDA9ECE00E11532 /* Utilities */ = {
			isa = PBXGroup;
			children = (
				045AD2182DDA9EE300E11532 /* Constants.swift */,
				045AD21A2DDA9EF600E11532 /* Extensions.swift */,
			);
			path = Utilities;
			sourceTree = "<group>";
		};
		045AD21C2DDA9F0600E11532 /* Services */ = {
			isa = PBXGroup;
			children = (
				045AD21D2DDA9F1600E11532 /* NewsService.swift */,
				045AD21F2DDA9F2300E11532 /* APIManager.swift */,
			);
			path = Services;
			sourceTree = "<group>";
		};
		045AD2212DDA9F3500E11532 /* Views */ = {
			isa = PBXGroup;
			children = (
				045AD2222DDA9F4900E11532 /* CategoryView.swift */,
				045AD2242DDA9F5900E11532 /* SourceView.swift */,
				045AD2262DDA9F6600E11532 /* ArticleView.swift */,
				045AD2282DDA9F7500E11532 /* WebView.swift */,
				045AD22A2DDA9F7F00E11532 /* Components */,
			);
			path = Views;
			sourceTree = "<group>";
		};
		045AD22A2DDA9F7F00E11532 /* Components */ = {
			isa = PBXGroup;
			children = (
				045AD22B2DDA9F8F00E11532 /* NewsCard.swift */,
				045AD22D2DDA9F9C00E11532 /* SearchBar.swift */,
				045AD22F2DDA9FAA00E11532 /* LoadingView.swift */,
				045AD2312DDA9FB700E11532 /* ErrorView.swift */,
			);
			path = Components;
			sourceTree = "<group>";
		};
		045AD2332DDA9FD400E11532 /* ViewModel */ = {
			isa = PBXGroup;
			children = (
				045AD2342DDA9FE300E11532 /* NewsViewModel.swift */,
				045AD2362DDA9FF000E11532 /* SourceViewModel.swift */,
				045AD2382DDAA00200E11532 /* ArticleViewModel.swift */,
			);
			path = ViewModel;
			sourceTree = "<group>";
		};
		045AD23A2DDAA01300E11532 /* Model */ = {
			isa = PBXGroup;
			children = (
				045AD23B2DDAA02100E11532 /* NewsResponse.swift */,
			);
			path = Model;
			sourceTree = "<group>";
		};
/* End PBXGroup section */

/* Begin PBXNativeTarget section */
		045AD1E42DDA9E9D00E11532 /* News */ = {
			isa = PBXNativeTarget;
			buildConfigurationList = 045AD20E2DDA9EA100E11532 /* Build configuration list for PBXNativeTarget "News" */;
			buildPhases = (
				045AD1E12DDA9E9D00E11532 /* Sources */,
				045AD1E22DDA9E9D00E11532 /* Frameworks */,
				045AD1E32DDA9E9D00E11532 /* Resources */,
			);
			buildRules = (
			);
			dependencies = (
			);
			name = News;
			packageProductDependencies = (
				045AD2422DDAA0A700E11532 /* RxBlocking */,
				045AD2442DDAA0A700E11532 /* RxBlocking-Dynamic */,
				045AD2462DDAA0A700E11532 /* RxCocoa */,
				045AD2482DDAA0A700E11532 /* RxCocoa-Dynamic */,
				045AD24A2DDAA0A700E11532 /* RxRelay */,
				045AD24D2DDAA18700E11532 /* SDWebImageSwiftUI */,
			);
			productName = News;
			productReference = 045AD1E52DDA9E9D00E11532 /* News.app */;
			productType = "com.apple.product-type.application";
		};
		045AD1F92DDA9EA100E11532 /* NewsTests */ = {
			isa = PBXNativeTarget;
			buildConfigurationList = 045AD2112DDA9EA100E11532 /* Build configuration list for PBXNativeTarget "NewsTests" */;
			buildPhases = (
				045AD1F62DDA9EA100E11532 /* Sources */,
				045AD1F72DDA9EA100E11532 /* Frameworks */,
				045AD1F82DDA9EA100E11532 /* Resources */,
			);
			buildRules = (
			);
			dependencies = (
				045AD1FC2DDA9EA100E11532 /* PBXTargetDependency */,
			);
			name = NewsTests;
			productName = NewsTests;
			productReference = 045AD1FA2DDA9EA100E11532 /* NewsTests.xctest */;
			productType = "com.apple.product-type.bundle.unit-test";
		};
		045AD2032DDA9EA100E11532 /* NewsUITests */ = {
			isa = PBXNativeTarget;
			buildConfigurationList = 045AD2142DDA9EA100E11532 /* Build configuration list for PBXNativeTarget "NewsUITests" */;
			buildPhases = (
				045AD2002DDA9EA100E11532 /* Sources */,
				045AD2012DDA9EA100E11532 /* Frameworks */,
				045AD2022DDA9EA100E11532 /* Resources */,
			);
			buildRules = (
			);
			dependencies = (
				045AD2062DDA9EA100E11532 /* PBXTargetDependency */,
			);
			name = NewsUITests;
			productName = NewsUITests;
			productReference = 045AD2042DDA9EA100E11532 /* NewsUITests.xctest */;
			productType = "com.apple.product-type.bundle.ui-testing";
		};
/* End PBXNativeTarget section */

/* Begin PBXProject section */
		045AD1DD2DDA9E9D00E11532 /* Project object */ = {
			isa = PBXProject;
			attributes = {
				BuildIndependentTargetsInParallel = 1;
				LastSwiftUpdateCheck = 1520;
				LastUpgradeCheck = 1520;
				TargetAttributes = {
					045AD1E42DDA9E9D00E11532 = {
						CreatedOnToolsVersion = 15.2;
					};
					045AD1F92DDA9EA100E11532 = {
						CreatedOnToolsVersion = 15.2;
						TestTargetID = 045AD1E42DDA9E9D00E11532;
					};
					045AD2032DDA9EA100E11532 = {
						CreatedOnToolsVersion = 15.2;
						TestTargetID = 045AD1E42DDA9E9D00E11532;
					};
				};
			};
			buildConfigurationList = 045AD1E02DDA9E9D00E11532 /* Build configuration list for PBXProject "News" */;
			compatibilityVersion = "Xcode 14.0";
			developmentRegion = en;
			hasScannedForEncodings = 0;
			knownRegions = (
				en,
				Base,
			);
			mainGroup = 045AD1DC2DDA9E9D00E11532;
			packageReferences = (
				045AD2412DDAA0A700E11532 /* XCRemoteSwiftPackageReference "RxSwift" */,
				045AD24C2DDAA18700E11532 /* XCRemoteSwiftPackageReference "SDWebImageSwiftUI" */,
			);
			productRefGroup = 045AD1E62DDA9E9D00E11532 /* Products */;
			projectDirPath = "";
			projectRoot = "";
			targets = (
				045AD1E42DDA9E9D00E11532 /* News */,
				045AD1F92DDA9EA100E11532 /* NewsTests */,
				045AD2032DDA9EA100E11532 /* NewsUITests */,
			);
		};
/* End PBXProject section */

/* Begin PBXResourcesBuildPhase section */
		045AD1E32DDA9E9D00E11532 /* Resources */ = {
			isa = PBXResourcesBuildPhase;
			buildActionMask = 2147483647;
			files = (
				045AD1F02DDA9EA100E11532 /* Preview Assets.xcassets in Resources */,
				045AD1ED2DDA9EA100E11532 /* Assets.xcassets in Resources */,
			);
			runOnlyForDeploymentPostprocessing = 0;
		};
		045AD1F82DDA9EA100E11532 /* Resources */ = {
			isa = PBXResourcesBuildPhase;
			buildActionMask = 2147483647;
			files = (
			);
			runOnlyForDeploymentPostprocessing = 0;
		};
		045AD2022DDA9EA100E11532 /* Resources */ = {
			isa = PBXResourcesBuildPhase;
			buildActionMask = 2147483647;
			files = (
			);
			runOnlyForDeploymentPostprocessing = 0;
		};
/* End PBXResourcesBuildPhase section */

/* Begin PBXSourcesBuildPhase section */
		045AD1E12DDA9E9D00E11532 /* Sources */ = {
			isa = PBXSourcesBuildPhase;
			buildActionMask = 2147483647;
			files = (
				045AD2202DDA9F2300E11532 /* APIManager.swift in Sources */,
				045AD23C2DDAA02100E11532 /* NewsResponse.swift in Sources */,
				045AD2192DDA9EE300E11532 /* Constants.swift in Sources */,
				045AD21B2DDA9EF600E11532 /* Extensions.swift in Sources */,
				045AD2252DDA9F5900E11532 /* SourceView.swift in Sources */,
				045AD1F22DDA9EA100E11532 /* Persistence.swift in Sources */,
				045AD21E2DDA9F1600E11532 /* NewsService.swift in Sources */,
				045AD1EB2DDA9E9D00E11532 /* ContentView.swift in Sources */,
				045AD2372DDA9FF000E11532 /* SourceViewModel.swift in Sources */,
				045AD22E2DDA9F9C00E11532 /* SearchBar.swift in Sources */,
				045AD2302DDA9FAA00E11532 /* LoadingView.swift in Sources */,
				045AD2352DDA9FE300E11532 /* NewsViewModel.swift in Sources */,
				045AD22C2DDA9F8F00E11532 /* NewsCard.swift in Sources */,
				045AD1F52DDA9EA100E11532 /* News.xcdatamodeld in Sources */,
				045AD1E92DDA9E9D00E11532 /* NewsApp.swift in Sources */,
				045AD2292DDA9F7500E11532 /* WebView.swift in Sources */,
				045AD2232DDA9F4900E11532 /* CategoryView.swift in Sources */,
				045AD2272DDA9F6600E11532 /* ArticleView.swift in Sources */,
				045AD2392DDAA00200E11532 /* ArticleViewModel.swift in Sources */,
				045AD2322DDA9FB700E11532 /* ErrorView.swift in Sources */,
			);
			runOnlyForDeploymentPostprocessing = 0;
		};
		045AD1F62DDA9EA100E11532 /* Sources */ = {
			isa = PBXSourcesBuildPhase;
			buildActionMask = 2147483647;
			files = (
				045AD2502DDAA2A900E11532 /* NewsServiceTests.swift in Sources */,
				045AD1FF2DDA9EA100E11532 /* NewsTests.swift in Sources */,
			);
			runOnlyForDeploymentPostprocessing = 0;
		};
		045AD2002DDA9EA100E11532 /* Sources */ = {
			isa = PBXSourcesBuildPhase;
			buildActionMask = 2147483647;
			files = (
				045AD2092DDA9EA100E11532 /* NewsUITests.swift in Sources */,
				045AD2542DDAA5B200E11532 /* NewsAppUITests.swift in Sources */,
				045AD20B2DDA9EA100E11532 /* NewsUITestsLaunchTests.swift in Sources */,
			);
			runOnlyForDeploymentPostprocessing = 0;
		};
/* End PBXSourcesBuildPhase section */

/* Begin PBXTargetDependency section */
		045AD1FC2DDA9EA100E11532 /* PBXTargetDependency */ = {
			isa = PBXTargetDependency;
			target = 045AD1E42DDA9E9D00E11532 /* News */;
			targetProxy = 045AD1FB2DDA9EA100E11532 /* PBXContainerItemProxy */;
		};
		045AD2062DDA9EA100E11532 /* PBXTargetDependency */ = {
			isa = PBXTargetDependency;
			target = 045AD1E42DDA9E9D00E11532 /* News */;
			targetProxy = 045AD2052DDA9EA100E11532 /* PBXContainerItemProxy */;
		};
/* End PBXTargetDependency section */

/* Begin XCBuildConfiguration section */
		045AD20C2DDA9EA100E11532 /* Debug */ = {
			isa = XCBuildConfiguration;
			buildSettings = {
				ALWAYS_SEARCH_USER_PATHS = NO;
				ASSETCATALOG_COMPILER_GENERATE_SWIFT_ASSET_SYMBOL_EXTENSIONS = YES;
				CLANG_ANALYZER_NONNULL = YES;
				CLANG_ANALYZER_NUMBER_OBJECT_CONVERSION = YES_AGGRESSIVE;
				CLANG_CXX_LANGUAGE_STANDARD = "gnu++20";
				CLANG_ENABLE_MODULES = YES;
				CLANG_ENABLE_OBJC_ARC = YES;
				CLANG_ENABLE_OBJC_WEAK = YES;
				CLANG_WARN_BLOCK_CAPTURE_AUTORELEASING = YES;
				CLANG_WARN_BOOL_CONVERSION = YES;
				CLANG_WARN_COMMA = YES;
				CLANG_WARN_CONSTANT_CONVERSION = YES;
				CLANG_WARN_DEPRECATED_OBJC_IMPLEMENTATIONS = YES;
				CLANG_WARN_DIRECT_OBJC_ISA_USAGE = YES_ERROR;
				CLANG_WARN_DOCUMENTATION_COMMENTS = YES;
				CLANG_WARN_EMPTY_BODY = YES;
				CLANG_WARN_ENUM_CONVERSION = YES;
				CLANG_WARN_INFINITE_RECURSION = YES;
				CLANG_WARN_INT_CONVERSION = YES;
				CLANG_WARN_NON_LITERAL_NULL_CONVERSION = YES;
				CLANG_WARN_OBJC_IMPLICIT_RETAIN_SELF = YES;
				CLANG_WARN_OBJC_LITERAL_CONVERSION = YES;
				CLANG_WARN_OBJC_ROOT_CLASS = YES_ERROR;
				CLANG_WARN_QUOTED_INCLUDE_IN_FRAMEWORK_HEADER = YES;
				CLANG_WARN_RANGE_LOOP_ANALYSIS = YES;
				CLANG_WARN_STRICT_PROTOTYPES = YES;
				CLANG_WARN_SUSPICIOUS_MOVE = YES;
				CLANG_WARN_UNGUARDED_AVAILABILITY = YES_AGGRESSIVE;
				CLANG_WARN_UNREACHABLE_CODE = YES;
				CLANG_WARN__DUPLICATE_METHOD_MATCH = YES;
				COPY_PHASE_STRIP = NO;
				DEBUG_INFORMATION_FORMAT = dwarf;
				ENABLE_STRICT_OBJC_MSGSEND = YES;
				ENABLE_TESTABILITY = YES;
				ENABLE_USER_SCRIPT_SANDBOXING = YES;
				GCC_C_LANGUAGE_STANDARD = gnu17;
				GCC_DYNAMIC_NO_PIC = NO;
				GCC_NO_COMMON_BLOCKS = YES;
				GCC_OPTIMIZATION_LEVEL = 0;
				GCC_PREPROCESSOR_DEFINITIONS = (
					"DEBUG=1",
					"$(inherited)",
				);
				GCC_WARN_64_TO_32_BIT_CONVERSION = YES;
				GCC_WARN_ABOUT_RETURN_TYPE = YES_ERROR;
				GCC_WARN_UNDECLARED_SELECTOR = YES;
				GCC_WARN_UNINITIALIZED_AUTOS = YES_AGGRESSIVE;
				GCC_WARN_UNUSED_FUNCTION = YES;
				GCC_WARN_UNUSED_VARIABLE = YES;
				IPHONEOS_DEPLOYMENT_TARGET = 17.2;
				LOCALIZATION_PREFERS_STRING_CATALOGS = YES;
				MTL_ENABLE_DEBUG_INFO = INCLUDE_SOURCE;
				MTL_FAST_MATH = YES;
				ONLY_ACTIVE_ARCH = YES;
				SDKROOT = iphoneos;
				SWIFT_ACTIVE_COMPILATION_CONDITIONS = "DEBUG $(inherited)";
				SWIFT_OPTIMIZATION_LEVEL = "-Onone";
			};
			name = Debug;
		};
		045AD20D2DDA9EA100E11532 /* Release */ = {
			isa = XCBuildConfiguration;
			buildSettings = {
				ALWAYS_SEARCH_USER_PATHS = NO;
				ASSETCATALOG_COMPILER_GENERATE_SWIFT_ASSET_SYMBOL_EXTENSIONS = YES;
				CLANG_ANALYZER_NONNULL = YES;
				CLANG_ANALYZER_NUMBER_OBJECT_CONVERSION = YES_AGGRESSIVE;
				CLANG_CXX_LANGUAGE_STANDARD = "gnu++20";
				CLANG_ENABLE_MODULES = YES;
				CLANG_ENABLE_OBJC_ARC = YES;
				CLANG_ENABLE_OBJC_WEAK = YES;
				CLANG_WARN_BLOCK_CAPTURE_AUTORELEASING = YES;
				CLANG_WARN_BOOL_CONVERSION = YES;
				CLANG_WARN_COMMA = YES;
				CLANG_WARN_CONSTANT_CONVERSION = YES;
				CLANG_WARN_DEPRECATED_OBJC_IMPLEMENTATIONS = YES;
				CLANG_WARN_DIRECT_OBJC_ISA_USAGE = YES_ERROR;
				CLANG_WARN_DOCUMENTATION_COMMENTS = YES;
				CLANG_WARN_EMPTY_BODY = YES;
				CLANG_WARN_ENUM_CONVERSION = YES;
				CLANG_WARN_INFINITE_RECURSION = YES;
				CLANG_WARN_INT_CONVERSION = YES;
				CLANG_WARN_NON_LITERAL_NULL_CONVERSION = YES;
				CLANG_WARN_OBJC_IMPLICIT_RETAIN_SELF = YES;
				CLANG_WARN_OBJC_LITERAL_CONVERSION = YES;
				CLANG_WARN_OBJC_ROOT_CLASS = YES_ERROR;
				CLANG_WARN_QUOTED_INCLUDE_IN_FRAMEWORK_HEADER = YES;
				CLANG_WARN_RANGE_LOOP_ANALYSIS = YES;
				CLANG_WARN_STRICT_PROTOTYPES = YES;
				CLANG_WARN_SUSPICIOUS_MOVE = YES;
				CLANG_WARN_UNGUARDED_AVAILABILITY = YES_AGGRESSIVE;
				CLANG_WARN_UNREACHABLE_CODE = YES;
				CLANG_WARN__DUPLICATE_METHOD_MATCH = YES;
				COPY_PHASE_STRIP = NO;
				DEBUG_INFORMATION_FORMAT = "dwarf-with-dsym";
				ENABLE_NS_ASSERTIONS = NO;
				ENABLE_STRICT_OBJC_MSGSEND = YES;
				ENABLE_USER_SCRIPT_SANDBOXING = YES;
				GCC_C_LANGUAGE_STANDARD = gnu17;
				GCC_NO_COMMON_BLOCKS = YES;
				GCC_WARN_64_TO_32_BIT_CONVERSION = YES;
				GCC_WARN_ABOUT_RETURN_TYPE = YES_ERROR;
				GCC_WARN_UNDECLARED_SELECTOR = YES;
				GCC_WARN_UNINITIALIZED_AUTOS = YES_AGGRESSIVE;
				GCC_WARN_UNUSED_FUNCTION = YES;
				GCC_WARN_UNUSED_VARIABLE = YES;
				IPHONEOS_DEPLOYMENT_TARGET = 17.2;
				LOCALIZATION_PREFERS_STRING_CATALOGS = YES;
				MTL_ENABLE_DEBUG_INFO = NO;
				MTL_FAST_MATH = YES;
				SDKROOT = iphoneos;
				SWIFT_COMPILATION_MODE = wholemodule;
				VALIDATE_PRODUCT = YES;
			};
			name = Release;
		};
		045AD20F2DDA9EA100E11532 /* Debug */ = {
			isa = XCBuildConfiguration;
			buildSettings = {
				ASSETCATALOG_COMPILER_APPICON_NAME = AppIcon;
				ASSETCATALOG_COMPILER_GLOBAL_ACCENT_COLOR_NAME = AccentColor;
				CODE_SIGN_STYLE = Automatic;
				CURRENT_PROJECT_VERSION = 1;
				DEVELOPMENT_ASSET_PATHS = "\"News/Preview Content\"";
				DEVELOPMENT_TEAM = 5RF87B2326;
				ENABLE_PREVIEWS = YES;
				GENERATE_INFOPLIST_FILE = YES;
				INFOPLIST_KEY_UIApplicationSceneManifest_Generation = YES;
				INFOPLIST_KEY_UIApplicationSupportsIndirectInputEvents = YES;
				INFOPLIST_KEY_UILaunchScreen_Generation = YES;
				INFOPLIST_KEY_UISupportedInterfaceOrientations_iPad = "UIInterfaceOrientationPortrait UIInterfaceOrientationPortraitUpsideDown UIInterfaceOrientationLandscapeLeft UIInterfaceOrientationLandscapeRight";
				INFOPLIST_KEY_UISupportedInterfaceOrientations_iPhone = "UIInterfaceOrientationPortrait UIInterfaceOrientationLandscapeLeft UIInterfaceOrientationLandscapeRight";
				LD_RUNPATH_SEARCH_PATHS = (
					"$(inherited)",
					"@executable_path/Frameworks",
				);
				MARKETING_VERSION = 1.0;
				PRODUCT_BUNDLE_IDENTIFIER = Freelancer.News;
				PRODUCT_NAME = "$(TARGET_NAME)";
				SWIFT_EMIT_LOC_STRINGS = YES;
				SWIFT_VERSION = 5.0;
				TARGETED_DEVICE_FAMILY = "1,2";
			};
			name = Debug;
		};
		045AD2102DDA9EA100E11532 /* Release */ = {
			isa = XCBuildConfiguration;
			buildSettings = {
				ASSETCATALOG_COMPILER_APPICON_NAME = AppIcon;
				ASSETCATALOG_COMPILER_GLOBAL_ACCENT_COLOR_NAME = AccentColor;
				CODE_SIGN_STYLE = Automatic;
				CURRENT_PROJECT_VERSION = 1;
				DEVELOPMENT_ASSET_PATHS = "\"News/Preview Content\"";
				DEVELOPMENT_TEAM = 5RF87B2326;
				ENABLE_PREVIEWS = YES;
				GENERATE_INFOPLIST_FILE = YES;
				INFOPLIST_KEY_UIApplicationSceneManifest_Generation = YES;
				INFOPLIST_KEY_UIApplicationSupportsIndirectInputEvents = YES;
				INFOPLIST_KEY_UILaunchScreen_Generation = YES;
				INFOPLIST_KEY_UISupportedInterfaceOrientations_iPad = "UIInterfaceOrientationPortrait UIInterfaceOrientationPortraitUpsideDown UIInterfaceOrientationLandscapeLeft UIInterfaceOrientationLandscapeRight";
				INFOPLIST_KEY_UISupportedInterfaceOrientations_iPhone = "UIInterfaceOrientationPortrait UIInterfaceOrientationLandscapeLeft UIInterfaceOrientationLandscapeRight";
				LD_RUNPATH_SEARCH_PATHS = (
					"$(inherited)",
					"@executable_path/Frameworks",
				);
				MARKETING_VERSION = 1.0;
				PRODUCT_BUNDLE_IDENTIFIER = Freelancer.News;
				PRODUCT_NAME = "$(TARGET_NAME)";
				SWIFT_EMIT_LOC_STRINGS = YES;
				SWIFT_VERSION = 5.0;
				TARGETED_DEVICE_FAMILY = "1,2";
			};
			name = Release;
		};
		045AD2122DDA9EA100E11532 /* Debug */ = {
			isa = XCBuildConfiguration;
			buildSettings = {
				ALWAYS_EMBED_SWIFT_STANDARD_LIBRARIES = YES;
				BUNDLE_LOADER = "$(TEST_HOST)";
				CODE_SIGN_STYLE = Automatic;
				CURRENT_PROJECT_VERSION = 1;
				DEVELOPMENT_TEAM = 5RF87B2326;
				GENERATE_INFOPLIST_FILE = YES;
				IPHONEOS_DEPLOYMENT_TARGET = 17.2;
				MARKETING_VERSION = 1.0;
				PRODUCT_BUNDLE_IDENTIFIER = Freelancer.NewsTests;
				PRODUCT_NAME = "$(TARGET_NAME)";
				SWIFT_EMIT_LOC_STRINGS = NO;
				SWIFT_VERSION = 5.0;
				TARGETED_DEVICE_FAMILY = "1,2";
				TEST_HOST = "$(BUILT_PRODUCTS_DIR)/News.app/$(BUNDLE_EXECUTABLE_FOLDER_PATH)/News";
			};
			name = Debug;
		};
		045AD2132DDA9EA100E11532 /* Release */ = {
			isa = XCBuildConfiguration;
			buildSettings = {
				ALWAYS_EMBED_SWIFT_STANDARD_LIBRARIES = YES;
				BUNDLE_LOADER = "$(TEST_HOST)";
				CODE_SIGN_STYLE = Automatic;
				CURRENT_PROJECT_VERSION = 1;
				DEVELOPMENT_TEAM = 5RF87B2326;
				GENERATE_INFOPLIST_FILE = YES;
				IPHONEOS_DEPLOYMENT_TARGET = 17.2;
				MARKETING_VERSION = 1.0;
				PRODUCT_BUNDLE_IDENTIFIER = Freelancer.NewsTests;
				PRODUCT_NAME = "$(TARGET_NAME)";
				SWIFT_EMIT_LOC_STRINGS = NO;
				SWIFT_VERSION = 5.0;
				TARGETED_DEVICE_FAMILY = "1,2";
				TEST_HOST = "$(BUILT_PRODUCTS_DIR)/News.app/$(BUNDLE_EXECUTABLE_FOLDER_PATH)/News";
			};
			name = Release;
		};
		045AD2152DDA9EA100E11532 /* Debug */ = {
			isa = XCBuildConfiguration;
			buildSettings = {
				ALWAYS_EMBED_SWIFT_STANDARD_LIBRARIES = YES;
				CODE_SIGN_STYLE = Automatic;
				CURRENT_PROJECT_VERSION = 1;
				DEVELOPMENT_TEAM = 5RF87B2326;
				GENERATE_INFOPLIST_FILE = YES;
				MARKETING_VERSION = 1.0;
				PRODUCT_BUNDLE_IDENTIFIER = Freelancer.NewsUITests;
				PRODUCT_NAME = "$(TARGET_NAME)";
				SWIFT_EMIT_LOC_STRINGS = NO;
				SWIFT_VERSION = 5.0;
				TARGETED_DEVICE_FAMILY = "1,2";
				TEST_TARGET_NAME = News;
			};
			name = Debug;
		};
		045AD2162DDA9EA100E11532 /* Release */ = {
			isa = XCBuildConfiguration;
			buildSettings = {
				ALWAYS_EMBED_SWIFT_STANDARD_LIBRARIES = YES;
				CODE_SIGN_STYLE = Automatic;
				CURRENT_PROJECT_VERSION = 1;
				DEVELOPMENT_TEAM = 5RF87B2326;
				GENERATE_INFOPLIST_FILE = YES;
				MARKETING_VERSION = 1.0;
				PRODUCT_BUNDLE_IDENTIFIER = Freelancer.NewsUITests;
				PRODUCT_NAME = "$(TARGET_NAME)";
				SWIFT_EMIT_LOC_STRINGS = NO;
				SWIFT_VERSION = 5.0;
				TARGETED_DEVICE_FAMILY = "1,2";
				TEST_TARGET_NAME = News;
			};
			name = Release;
		};
/* End XCBuildConfiguration section */

/* Begin XCConfigurationList section */
		045AD1E02DDA9E9D00E11532 /* Build configuration list for PBXProject "News" */ = {
			isa = XCConfigurationList;
			buildConfigurations = (
				045AD20C2DDA9EA100E11532 /* Debug */,
				045AD20D2DDA9EA100E11532 /* Release */,
			);
			defaultConfigurationIsVisible = 0;
			defaultConfigurationName = Release;
		};
		045AD20E2DDA9EA100E11532 /* Build configuration list for PBXNativeTarget "News" */ = {
			isa = XCConfigurationList;
			buildConfigurations = (
				045AD20F2DDA9EA100E11532 /* Debug */,
				045AD2102DDA9EA100E11532 /* Release */,
			);
			defaultConfigurationIsVisible = 0;
			defaultConfigurationName = Release;
		};
		045AD2112DDA9EA100E11532 /* Build configuration list for PBXNativeTarget "NewsTests" */ = {
			isa = XCConfigurationList;
			buildConfigurations = (
				045AD2122DDA9EA100E11532 /* Debug */,
				045AD2132DDA9EA100E11532 /* Release */,
			);
			defaultConfigurationIsVisible = 0;
			defaultConfigurationName = Release;
		};
		045AD2142DDA9EA100E11532 /* Build configuration list for PBXNativeTarget "NewsUITests" */ = {
			isa = XCConfigurationList;
			buildConfigurations = (
				045AD2152DDA9EA100E11532 /* Debug */,
				045AD2162DDA9EA100E11532 /* Release */,
			);
			defaultConfigurationIsVisible = 0;
			defaultConfigurationName = Release;
		};
/* End XCConfigurationList section */

/* Begin XCRemoteSwiftPackageReference section */
		045AD2412DDAA0A700E11532 /* XCRemoteSwiftPackageReference "RxSwift" */ = {
			isa = XCRemoteSwiftPackageReference;
			repositoryURL = "https://github.com/ReactiveX/RxSwift.git";
			requirement = {
				kind = upToNextMajorVersion;
				minimumVersion = 6.9.0;
			};
		};
		045AD24C2DDAA18700E11532 /* XCRemoteSwiftPackageReference "SDWebImageSwiftUI" */ = {
			isa = XCRemoteSwiftPackageReference;
			repositoryURL = "https://github.com/SDWebImage/SDWebImageSwiftUI.git";
			requirement = {
				kind = upToNextMajorVersion;
				minimumVersion = 3.1.3;
			};
		};
/* End XCRemoteSwiftPackageReference section */

/* Begin XCSwiftPackageProductDependency section */
		045AD2422DDAA0A700E11532 /* RxBlocking */ = {
			isa = XCSwiftPackageProductDependency;
			package = 045AD2412DDAA0A700E11532 /* XCRemoteSwiftPackageReference "RxSwift" */;
			productName = RxBlocking;
		};
		045AD2442DDAA0A700E11532 /* RxBlocking-Dynamic */ = {
			isa = XCSwiftPackageProductDependency;
			package = 045AD2412DDAA0A700E11532 /* XCRemoteSwiftPackageReference "RxSwift" */;
			productName = "RxBlocking-Dynamic";
		};
		045AD2462DDAA0A700E11532 /* RxCocoa */ = {
			isa = XCSwiftPackageProductDependency;
			package = 045AD2412DDAA0A700E11532 /* XCRemoteSwiftPackageReference "RxSwift" */;
			productName = RxCocoa;
		};
		045AD2482DDAA0A700E11532 /* RxCocoa-Dynamic */ = {
			isa = XCSwiftPackageProductDependency;
			package = 045AD2412DDAA0A700E11532 /* XCRemoteSwiftPackageReference "RxSwift" */;
			productName = "RxCocoa-Dynamic";
		};
		045AD24A2DDAA0A700E11532 /* RxRelay */ = {
			isa = XCSwiftPackageProductDependency;
			package = 045AD2412DDAA0A700E11532 /* XCRemoteSwiftPackageReference "RxSwift" */;
			productName = RxRelay;
		};
		045AD24D2DDAA18700E11532 /* SDWebImageSwiftUI */ = {
			isa = XCSwiftPackageProductDependency;
			package = 045AD24C2DDAA18700E11532 /* XCRemoteSwiftPackageReference "SDWebImageSwiftUI" */;
			productName = SDWebImageSwiftUI;
		};
/* End XCSwiftPackageProductDependency section */

/* Begin XCVersionGroup section */
		045AD1F32DDA9EA100E11532 /* News.xcdatamodeld */ = {
			isa = XCVersionGroup;
			children = (
				045AD1F42DDA9EA100E11532 /* News.xcdatamodel */,
			);
			currentVersion = 045AD1F42DDA9EA100E11532 /* News.xcdatamodel */;
			path = News.xcdatamodeld;
			sourceTree = "<group>";
			versionGroupType = wrapper.xcdatamodel;
		};
/* End XCVersionGroup section */
	};
	rootObject = 045AD1DD2DDA9E9D00E11532 /* Project object */;
}
